
Microsoft Visual Studio Solution File, Format Version 12.00
# Visual Studio Version 16
VisualStudioVersion = 16.0.29009.5
MinimumVisualStudioVersion = 10.0.40219.1
Project("{FAE04EC0-301F-11D3-BF4B-00C04F79EFBC}") = "Decor", "Decor\Decor.csproj", "{0818741A-1421-4132-BA21-3D2C17186748}"
EndProject
Global
	GlobalSection(SolutionConfigurationPlatforms) = preSolution
		Debug|Any CPU = Debug|Any CPU
		Release|Any CPU = Release|Any CPU
	EndGlobalSection
	GlobalSection(ProjectConfigurationPlatforms) = postSolution
		{0818741A-1421-4132-BA21-3D2C17186748}.Debug|Any CPU.ActiveCfg = Debug|Any CPU
		{0818741A-1421-4132-BA21-3D2C17186748}.Debug|Any CPU.Build.0 = Debug|Any CPU
		{0818741A-1421-4132-BA21-3D2C17186748}.Release|Any CPU.ActiveCfg = Release|Any CPU
		{0818741A-1421-4132-BA21-3D2C17186748}.Release|Any CPU.Build.0 = Release|Any CPU
	EndGlobalSection
	GlobalSection(SolutionProperties) = preSolution
		HideSolutionNode = FALSE
	EndGlobalSection
	GlobalSection(ExtensibilityGlobals) = postSolution
		SolutionGuid = {0AB5B15B-98BD-4CC1-B836-649DE47B1490}
	EndGlobalSection
EndGlobal
